
Microsoft Visual Studio Solution File, Format Version 12.00
# Visual Studio 15
VisualStudioVersion = 15.0.27703.2035
MinimumVisualStudioVersion = 10.0.40219.1
Project("{9A19103F-16F7-4668-BE54-9A1E7A4F7556}") = "PMSByNetCore", "PMSByNetCore\PMSByNetCore.csproj", "{F2B4D0AE-016E-4F36-82CA-286BF5CBCE7C}"
EndProject
Project("{9A19103F-16F7-4668-BE54-9A1E7A4F7556}") = "PMSCore", "PMSCore\PMSCore.csproj", "{D78DA3E8-15E7-40C4-8139-F083C3400307}"
EndProject
Project("{9A19103F-16F7-4668-BE54-9A1E7A4F7556}") = "PMSCore.EntityFramework", "PMSCore.EntityFramework\PMSCore.EntityFramework.csproj", "{02B3D636-977C-406E-9922-D87DEDF7EA5D}"
EndProject
Project("{FAE04EC0-301F-11D3-BF4B-00C04F79EFBC}") = "MigrationsDemo", "MigrationsDemo\MigrationsDemo.csproj", "{C904D548-14FC-453B-9ED2-3E6CF76DB780}"
EndProject
Global
	GlobalSection(SolutionConfigurationPlatforms) = preSolution
		Debug|Any CPU = Debug|Any CPU
		Release|Any CPU = Release|Any CPU
	EndGlobalSection
	GlobalSection(ProjectConfigurationPlatforms) = postSolution
		{F2B4D0AE-016E-4F36-82CA-286BF5CBCE7C}.Debug|Any CPU.ActiveCfg = Debug|Any CPU
		{F2B4D0AE-016E-4F36-82CA-286BF5CBCE7C}.Debug|Any CPU.Build.0 = Debug|Any CPU
		{F2B4D0AE-016E-4F36-82CA-286BF5CBCE7C}.Release|Any CPU.ActiveCfg = Release|Any CPU
		{F2B4D0AE-016E-4F36-82CA-286BF5CBCE7C}.Release|Any CPU.Build.0 = Release|Any CPU
		{D78DA3E8-15E7-40C4-8139-F083C3400307}.Debug|Any CPU.ActiveCfg = Debug|Any CPU
		{D78DA3E8-15E7-40C4-8139-F083C3400307}.Debug|Any CPU.Build.0 = Debug|Any CPU
		{D78DA3E8-15E7-40C4-8139-F083C3400307}.Release|Any CPU.ActiveCfg = Release|Any CPU
		{D78DA3E8-15E7-40C4-8139-F083C3400307}.Release|Any CPU.Build.0 = Release|Any CPU
		{02B3D636-977C-406E-9922-D87DEDF7EA5D}.Debug|Any CPU.ActiveCfg = Debug|Any CPU
		{02B3D636-977C-406E-9922-D87DEDF7EA5D}.Debug|Any CPU.Build.0 = Debug|Any CPU
		{02B3D636-977C-406E-9922-D87DEDF7EA5D}.Release|Any CPU.ActiveCfg = Release|Any CPU
		{02B3D636-977C-406E-9922-D87DEDF7EA5D}.Release|Any CPU.Build.0 = Release|Any CPU
		{C904D548-14FC-453B-9ED2-3E6CF76DB780}.Debug|Any CPU.ActiveCfg = Debug|Any CPU
		{C904D548-14FC-453B-9ED2-3E6CF76DB780}.Debug|Any CPU.Build.0 = Debug|Any CPU
		{C904D548-14FC-453B-9ED2-3E6CF76DB780}.Release|Any CPU.ActiveCfg = Release|Any CPU
		{C904D548-14FC-453B-9ED2-3E6CF76DB780}.Release|Any CPU.Build.0 = Release|Any CPU
	EndGlobalSection
	GlobalSection(SolutionProperties) = preSolution
		HideSolutionNode = FALSE
	EndGlobalSection
	GlobalSection(ExtensibilityGlobals) = postSolution
		SolutionGuid = {1EAC605B-BACF-43CA-9462-9FCB83687C75}
	EndGlobalSection
EndGlobal
